// !$*UTF8*$!
{
	archiveVersion = 1;
	classes = {
	};
	objectVersion = 77;
	objects = {

/* Begin PBXBuildFile section */
		E059FD442F72246A00213298 /* AppDelegate.swift in Sources */ = {isa = PBXBuildFile; fileRef = E059FD432F72246A00213298 /* AppDelegate.swift */; };
		E059FD482F72246A00213298 /* Main.html in Resources */ = {isa = PBXBuildFile; fileRef = E059FD462F72246A00213298 /* Main.html */; };
		E059FD4A2F72246A00213298 /* Icon.png in Resources */ = {isa = PBXBuildFile; fileRef = E059FD492F72246A00213298 /* Icon.png */; };
		E059FD4C2F72246A00213298 /* Style.css in Resources */ = {isa = PBXBuildFile; fileRef = E059FD4B2F72246A00213298 /* Style.css */; };
		E059FD4E2F72246A00213298 /* SceneDelegate.swift in Sources */ = {isa = PBXBuildFile; fileRef = E059FD4D2F72246A00213298 /* SceneDelegate.swift */; };
		E059FD502F72246A00213298 /* ViewController.swift in Sources */ = {isa = PBXBuildFile; fileRef = E059FD4F2F72246A00213298 /* ViewController.swift */; };
		E059FD532F72246A00213298 /* LaunchScreen.storyboard in Resources */ = {isa = PBXBuildFile; fileRef = E059FD512F72246A00213298 /* LaunchScreen.storyboard */; };
		E059FD562F72246A00213298 /* Main.storyboard in Resources */ = {isa = PBXBuildFile; fileRef = E059FD542F72246A00213298 /* Main.storyboard */; };
		E059FD5E2F72246B00213298 /* Touch Grass Extension.appex in Embed Foundation Extensions */ = {isa = PBXBuildFile; fileRef = E059FD5D2F72246B00213298 /* Touch Grass Extension.appex */; settings = {ATTRIBUTES = (RemoveHeadersOnCopy, ); }; };
		E059FD632F72246B00213298 /* SafariWebExtensionHandler.swift in Sources */ = {isa = PBXBuildFile; fileRef = E059FD622F72246B00213298 /* SafariWebExtensionHandler.swift */; };
		E059FD652F72246B00213298 /* Assets.xcassets in Resources */ = {isa = PBXBuildFile; fileRef = E059FD572F72246B00213298 /* Assets.xcassets */; };
		E059FD782F72246C00213298 /* reddit-guard.js in Resources */ = {isa = PBXBuildFile; fileRef = E059FD702F72246C00213298 /* reddit-guard.js */; };
		E059FD792F72246C00213298 /* popup.js in Resources */ = {isa = PBXBuildFile; fileRef = E059FD712F72246C00213298 /* popup.js */; };
		E059FD7A2F72246C00213298 /* background.js in Resources */ = {isa = PBXBuildFile; fileRef = E059FD722F72246C00213298 /* background.js */; };
		E059FD7B2F72246C00213298 /* blocker.js in Resources */ = {isa = PBXBuildFile; fileRef = E059FD732F72246C00213298 /* blocker.js */; };
		E059FD7C2F72246C00213298 /* popup.html in Resources */ = {isa = PBXBuildFile; fileRef = E059FD742F72246C00213298 /* popup.html */; };
		E059FD7D2F72246C00213298 /* icons in Resources */ = {isa = PBXBuildFile; fileRef = E059FD752F72246C00213298 /* icons */; };
		E059FD7E2F72246C00213298 /* manifest.json in Resources */ = {isa = PBXBuildFile; fileRef = E059FD762F72246C00213298 /* manifest.json */; };
		E059FD7F2F72246C00213298 /* popup.css in Resources */ = {isa = PBXBuildFile; fileRef = E059FD772F72246C00213298 /* popup.css */; };
/* End PBXBuildFile section */

/* Begin PBXContainerItemProxy section */
		E059FD5F2F72246B00213298 /* PBXContainerItemProxy */ = {
			isa = PBXContainerItemProxy;
			containerPortal = E059FD382F72246A00213298 /* Project object */;
			proxyType = 1;
			remoteGlobalIDString = E059FD5C2F72246B00213298;
			remoteInfo = "Touch Grass Extension";
		};
/* End PBXContainerItemProxy section */

/* Begin PBXCopyFilesBuildPhase section */
		E059FD6B2F72246B00213298 /* Embed Foundation Extensions */ = {
			isa = PBXCopyFilesBuildPhase;
			buildActionMask = 2147483647;
			dstPath = "";
			dstSubfolderSpec = 13;
			files = (
				E059FD5E2F72246B00213298 /* Touch Grass Extension.appex in Embed Foundation Extensions */,
			);
			name = "Embed Foundation Extensions";
			runOnlyForDeploymentPostprocessing = 0;
		};
/* End PBXCopyFilesBuildPhase section */

/* Begin PBXFileReference section */
		E059FD402F72246A00213298 /* Touch Grass.app */ = {isa = PBXFileReference; explicitFileType = wrapper.application; includeInIndex = 0; path = "Touch Grass.app"; sourceTree = BUILT_PRODUCTS_DIR; };
		E059FD432F72246A00213298 /* AppDelegate.swift */ = {isa = PBXFileReference; lastKnownFileType = sourcecode.swift; path = AppDelegate.swift; sourceTree = "<group>"; };
		E059FD472F72246A00213298 /* Base */ = {isa = PBXFileReference; lastKnownFileType = text.html; name = Base; path = Base.lproj/Main.html; sourceTree = "<group>"; };
		E059FD492F72246A00213298 /* Icon.png */ = {isa = PBXFileReference; lastKnownFileType = image.png; path = Icon.png; sourceTree = "<group>"; };
		E059FD4B2F72246A00213298 /* Style.css */ = {isa = PBXFileReference; lastKnownFileType = text.css; path = Style.css; sourceTree = "<group>"; };
		E059FD4D2F72246A00213298 /* SceneDelegate.swift */ = {isa = PBXFileReference; lastKnownFileType = sourcecode.swift; path = SceneDelegate.swift; sourceTree = "<group>"; };
		E059FD4F2F72246A00213298 /* ViewController.swift */ = {isa = PBXFileReference; lastKnownFileType = sourcecode.swift; path = ViewController.swift; sourceTree = "<group>"; };
		E059FD522F72246A00213298 /* Base */ = {isa = PBXFileReference; lastKnownFileType = file.storyboard; name = Base; path = Base.lproj/LaunchScreen.storyboard; sourceTree = "<group>"; };
		E059FD552F72246A00213298 /* Base */ = {isa = PBXFileReference; lastKnownFileType = file.storyboard; name = Base; path = Base.lproj/Main.storyboard; sourceTree = "<group>"; };
		E059FD572F72246B00213298 /* Assets.xcassets */ = {isa = PBXFileReference; lastKnownFileType = folder.assetcatalog; path = Assets.xcassets; sourceTree = "<group>"; };
		E059FD582F72246B00213298 /* Info.plist */ = {isa = PBXFileReference; lastKnownFileType = text.plist.xml; path = Info.plist; sourceTree = "<group>"; };
		E059FD5D2F72246B00213298 /* Touch Grass Extension.appex */ = {isa = PBXFileReference; explicitFileType = "wrapper.app-extension"; includeInIndex = 0; path = "Touch Grass Extension.appex"; sourceTree = BUILT_PRODUCTS_DIR; };
		E059FD622F72246B00213298 /* SafariWebExtensionHandler.swift */ = {isa = PBXFileReference; lastKnownFileType = sourcecode.swift; path = SafariWebExtensionHandler.swift; sourceTree = "<group>"; };
		E059FD642F72246B00213298 /* Info.plist */ = {isa = PBXFileReference; lastKnownFileType = text.plist.xml; path = Info.plist; sourceTree = "<group>"; };
		E059FD702F72246C00213298 /* reddit-guard.js */ = {isa = PBXFileReference; lastKnownFileType = sourcecode.javascript; name = "reddit-guard.js"; path = "../../../safari/reddit-guard.js"; sourceTree = "<group>"; };
		E059FD712F72246C00213298 /* popup.js */ = {isa = PBXFileReference; lastKnownFileType = sourcecode.javascript; name = popup.js; path = ../../../safari/popup.js; sourceTree = "<group>"; };
		E059FD722F72246C00213298 /* background.js */ = {isa = PBXFileReference; lastKnownFileType = sourcecode.javascript; name = background.js; path = ../../../safari/background.js; sourceTree = "<group>"; };
		E059FD732F72246C00213298 /* blocker.js */ = {isa = PBXFileReference; lastKnownFileType = sourcecode.javascript; name = blocker.js; path = ../../../safari/blocker.js; sourceTree = "<group>"; };
		E059FD742F72246C00213298 /* popup.html */ = {isa = PBXFileReference; lastKnownFileType = text.html; name = popup.html; path = ../../../safari/popup.html; sourceTree = "<group>"; };
		E059FD752F72246C00213298 /* icons */ = {isa = PBXFileReference; lastKnownFileType = folder; name = icons; path = ../../../safari/icons; sourceTree = "<group>"; };
		E059FD762F72246C00213298 /* manifest.json */ = {isa = PBXFileReference; lastKnownFileType = text.json; name = manifest.json; path = ../../../safari/manifest.json; sourceTree = "<group>"; };
		E059FD772F72246C00213298 /* popup.css */ = {isa = PBXFileReference; lastKnownFileType = text.css; name = popup.css; path = ../../../safari/popup.css; sourceTree = "<group>"; };
/* End PBXFileReference section */

/* Begin PBXFrameworksBuildPhase section */
		E059FD3D2F72246A00213298 /* Frameworks */ = {
			isa = PBXFrameworksBuildPhase;
			buildActionMask = 2147483647;
			files = (
			);
			runOnlyForDeploymentPostprocessing = 0;
		};
		E059FD5A2F72246B00213298 /* Frameworks */ = {
			isa = PBXFrameworksBuildPhase;
			buildActionMask = 2147483647;
			files = (
			);
			runOnlyForDeploymentPostprocessing = 0;
		};
/* End PBXFrameworksBuildPhase section */

/* Begin PBXGroup section */
		E059FD372F72246A00213298 = {
			isa = PBXGroup;
			children = (
				E059FD422F72246A00213298 /* Touch Grass */,
				E059FD612F72246B00213298 /* Touch Grass Extension */,
				E059FD412F72246A00213298 /* Products */,
			);
			sourceTree = "<group>";
		};
		E059FD412F72246A00213298 /* Products */ = {
			isa = PBXGroup;
			children = (
				E059FD402F72246A00213298 /* Touch Grass.app */,
				E059FD5D2F72246B00213298 /* Touch Grass Extension.appex */,
			);
			name = Products;
			sourceTree = "<group>";
		};
		E059FD422F72246A00213298 /* Touch Grass */ = {
			isa = PBXGroup;
			children = (
				E059FD432F72246A00213298 /* AppDelegate.swift */,
				E059FD4D2F72246A00213298 /* SceneDelegate.swift */,
				E059FD4F2F72246A00213298 /* ViewController.swift */,
				E059FD512F72246A00213298 /* LaunchScreen.storyboard */,
				E059FD542F72246A00213298 /* Main.storyboard */,
				E059FD572F72246B00213298 /* Assets.xcassets */,
				E059FD582F72246B00213298 /* Info.plist */,
				E059FD452F72246A00213298 /* Resources */,
			);
			path = "Touch Grass";
			sourceTree = "<group>";
		};
		E059FD452F72246A00213298 /* Resources */ = {
			isa = PBXGroup;
			children = (
				E059FD462F72246A00213298 /* Main.html */,
				E059FD492F72246A00213298 /* Icon.png */,
				E059FD4B2F72246A00213298 /* Style.css */,
			);
			path = Resources;
			sourceTree = "<group>";
		};
		E059FD612F72246B00213298 /* Touch Grass Extension */ = {
			isa = PBXGroup;
			children = (
				E059FD6F2F72246C00213298 /* Resources */,
				E059FD622F72246B00213298 /* SafariWebExtensionHandler.swift */,
				E059FD642F72246B00213298 /* Info.plist */,
			);
			path = "Touch Grass Extension";
			sourceTree = "<group>";
		};
		E059FD6F2F72246C00213298 /* Resources */ = {
			isa = PBXGroup;
			children = (
				E059FD702F72246C00213298 /* reddit-guard.js */,
				E059FD712F72246C00213298 /* popup.js */,
				E059FD722F72246C00213298 /* background.js */,
				E059FD732F72246C00213298 /* blocker.js */,
				E059FD742F72246C00213298 /* popup.html */,
				E059FD752F72246C00213298 /* icons */,
				E059FD762F72246C00213298 /* manifest.json */,
				E059FD772F72246C00213298 /* popup.css */,
			);
			name = Resources;
			path = "Touch Grass Extension";
			sourceTree = SOURCE_ROOT;
		};
/* End PBXGroup section */

/* Begin PBXNativeTarget section */
		E059FD3F2F72246A00213298 /* Touch Grass */ = {
			isa = PBXNativeTarget;
			buildConfigurationList = E059FD6C2F72246B00213298 /* Build configuration list for PBXNativeTarget "Touch Grass" */;
			buildPhases = (
				E059FD3C2F72246A00213298 /* Sources */,
				E059FD3D2F72246A00213298 /* Frameworks */,
				E059FD3E2F72246A00213298 /* Resources */,
				E059FD6B2F72246B00213298 /* Embed Foundation Extensions */,
			);
			buildRules = (
			);
			dependencies = (
				E059FD602F72246B00213298 /* PBXTargetDependency */,
			);
			name = "Touch Grass";
			packageProductDependencies = (
			);
			productName = "Touch Grass";
			productReference = E059FD402F72246A00213298 /* Touch Grass.app */;
			productType = "com.apple.product-type.application";
		};
		E059FD5C2F72246B00213298 /* Touch Grass Extension */ = {
			isa = PBXNativeTarget;
			buildConfigurationList = E059FD682F72246B00213298 /* Build configuration list for PBXNativeTarget "Touch Grass Extension" */;
			buildPhases = (
				E059FD592F72246B00213298 /* Sources */,
				E059FD5A2F72246B00213298 /* Frameworks */,
				E059FD5B2F72246B00213298 /* Resources */,
			);
			buildRules = (
			);
			dependencies = (
			);
			name = "Touch Grass Extension";
			packageProductDependencies = (
			);
			productName = "Touch Grass Extension";
			productReference = E059FD5D2F72246B00213298 /* Touch Grass Extension.appex */;
			productType = "com.apple.product-type.app-extension";
		};
/* End PBXNativeTarget section */

/* Begin PBXProject section */
		E059FD382F72246A00213298 /* Project object */ = {
			isa = PBXProject;
			attributes = {
				BuildIndependentTargetsInParallel = 1;
				LastSwiftUpdateCheck = 2630;
				LastUpgradeCheck = 2630;
				TargetAttributes = {
					E059FD3F2F72246A00213298 = {
						CreatedOnToolsVersion = 26.3;
					};
					E059FD5C2F72246B00213298 = {
						CreatedOnToolsVersion = 26.3;
					};
				};
			};
			buildConfigurationList = E059FD3B2F72246A00213298 /* Build configuration list for PBXProject "Touch Grass" */;
			developmentRegion = en;
			hasScannedForEncodings = 0;
			knownRegions = (
				en,
				Base,
			);
			mainGroup = E059FD372F72246A00213298;
			minimizedProjectReferenceProxies = 1;
			preferredProjectObjectVersion = 77;
			productRefGroup = E059FD412F72246A00213298 /* Products */;
			projectDirPath = "";
			projectRoot = "";
			targets = (
				E059FD3F2F72246A00213298 /* Touch Grass */,
				E059FD5C2F72246B00213298 /* Touch Grass Extension */,
			);
		};
/* End PBXProject section */

/* Begin PBXResourcesBuildPhase section */
		E059FD3E2F72246A00213298 /* Resources */ = {
			isa = PBXResourcesBuildPhase;
			buildActionMask = 2147483647;
			files = (
				E059FD4A2F72246A00213298 /* Icon.png in Resources */,
				E059FD562F72246A00213298 /* Main.storyboard in Resources */,
				E059FD532F72246A00213298 /* LaunchScreen.storyboard in Resources */,
				E059FD482F72246A00213298 /* Main.html in Resources */,
				E059FD652F72246B00213298 /* Assets.xcassets in Resources */,
				E059FD4C2F72246A00213298 /* Style.css in Resources */,
			);
			runOnlyForDeploymentPostprocessing = 0;
		};
		E059FD5B2F72246B00213298 /* Resources */ = {
			isa = PBXResourcesBuildPhase;
			buildActionMask = 2147483647;
			files = (
				E059FD782F72246C00213298 /* reddit-guard.js in Resources */,
				E059FD7E2F72246C00213298 /* manifest.json in Resources */,
				E059FD7C2F72246C00213298 /* popup.html in Resources */,
				E059FD7A2F72246C00213298 /* background.js in Resources */,
				E059FD7F2F72246C00213298 /* popup.css in Resources */,
				E059FD7D2F72246C00213298 /* icons in Resources */,
				E059FD792F72246C00213298 /* popup.js in Resources */,
				E059FD7B2F72246C00213298 /* blocker.js in Resources */,
			);
			runOnlyForDeploymentPostprocessing = 0;
		};
/* End PBXResourcesBuildPhase section */

/* Begin PBXSourcesBuildPhase section */
		E059FD3C2F72246A00213298 /* Sources */ = {
			isa = PBXSourcesBuildPhase;
			buildActionMask = 2147483647;
			files = (
				E059FD502F72246A00213298 /* ViewController.swift in Sources */,
				E059FD442F72246A00213298 /* AppDelegate.swift in Sources */,
				E059FD4E2F72246A00213298 /* SceneDelegate.swift in Sources */,
			);
			runOnlyForDeploymentPostprocessing = 0;
		};
		E059FD592F72246B00213298 /* Sources */ = {
			isa = PBXSourcesBuildPhase;
			buildActionMask = 2147483647;
			files = (
				E059FD632F72246B00213298 /* SafariWebExtensionHandler.swift in Sources */,
			);
			runOnlyForDeploymentPostprocessing = 0;
		};
/* End PBXSourcesBuildPhase section */

/* Begin PBXTargetDependency section */
		E059FD602F72246B00213298 /* PBXTargetDependency */ = {
			isa = PBXTargetDependency;
			target = E059FD5C2F72246B00213298 /* Touch Grass Extension */;
			targetProxy = E059FD5F2F72246B00213298 /* PBXContainerItemProxy */;
		};
/* End PBXTargetDependency section */

/* Begin PBXVariantGroup section */
		E059FD462F72246A00213298 /* Main.html */ = {
			isa = PBXVariantGroup;
			children = (
				E059FD472F72246A00213298 /* Base */,
			);
			name = Main.html;
			sourceTree = "<group>";
		};
		E059FD512F72246A00213298 /* LaunchScreen.storyboard */ = {
			isa = PBXVariantGroup;
			children = (
				E059FD522F72246A00213298 /* Base */,
			);
			name = LaunchScreen.storyboard;
			sourceTree = "<group>";
		};
		E059FD542F72246A00213298 /* Main.storyboard */ = {
			isa = PBXVariantGroup;
			children = (
				E059FD552F72246A00213298 /* Base */,
			);
			name = Main.storyboard;
			sourceTree = "<group>";
		};
/* End PBXVariantGroup section */

/* Begin XCBuildConfiguration section */
		E059FD662F72246B00213298 /* Debug */ = {
			isa = XCBuildConfiguration;
			buildSettings = {
				ALWAYS_SEARCH_USER_PATHS = NO;
				ASSETCATALOG_COMPILER_GENERATE_SWIFT_ASSET_SYMBOL_EXTENSIONS = YES;
				CLANG_ANALYZER_NONNULL = YES;
				CLANG_ANALYZER_NUMBER_OBJECT_CONVERSION = YES_AGGRESSIVE;
				CLANG_CXX_LANGUAGE_STANDARD = "gnu++20";
				CLANG_ENABLE_MODULES = YES;
				CLANG_ENABLE_OBJC_ARC = YES;
				CLANG_ENABLE_OBJC_WEAK = YES;
				CLANG_WARN_BLOCK_CAPTURE_AUTORELEASING = YES;
				CLANG_WARN_BOOL_CONVERSION = YES;
				CLANG_WARN_COMMA = YES;
				CLANG_WARN_CONSTANT_CONVERSION = YES;
				CLANG_WARN_DEPRECATED_OBJC_IMPLEMENTATIONS = YES;
				CLANG_WARN_DIRECT_OBJC_ISA_USAGE = YES_ERROR;
				CLANG_WARN_DOCUMENTATION_COMMENTS = YES;
				CLANG_WARN_EMPTY_BODY = YES;
				CLANG_WARN_ENUM_CONVERSION = YES;
				CLANG_WARN_INFINITE_RECURSION = YES;
				CLANG_WARN_INT_CONVERSION = YES;
				CLANG_WARN_NON_LITERAL_NULL_CONVERSION = YES;
				CLANG_WARN_OBJC_IMPLICIT_RETAIN_SELF = YES;
				CLANG_WARN_OBJC_LITERAL_CONVERSION = YES;
				CLANG_WARN_OBJC_ROOT_CLASS = YES_ERROR;
				CLANG_WARN_QUOTED_INCLUDE_IN_FRAMEWORK_HEADER = YES;
				CLANG_WARN_RANGE_LOOP_ANALYSIS = YES;
				CLANG_WARN_STRICT_PROTOTYPES = YES;
				CLANG_WARN_SUSPICIOUS_MOVE = YES;
				CLANG_WARN_UNGUARDED_AVAILABILITY = YES_AGGRESSIVE;
				CLANG_WARN_UNREACHABLE_CODE = YES;
				CLANG_WARN__DUPLICATE_METHOD_MATCH = YES;
				COPY_PHASE_STRIP = NO;
				DEBUG_INFORMATION_FORMAT = dwarf;
				ENABLE_STRICT_OBJC_MSGSEND = YES;
				ENABLE_TESTABILITY = YES;
				ENABLE_USER_SCRIPT_SANDBOXING = YES;
				GCC_C_LANGUAGE_STANDARD = gnu17;
				GCC_DYNAMIC_NO_PIC = NO;
				GCC_NO_COMMON_BLOCKS = YES;
				GCC_OPTIMIZATION_LEVEL = 0;
				GCC_PREPROCESSOR_DEFINITIONS = (
					"DEBUG=1",
					"$(inherited)",
				);
				GCC_WARN_64_TO_32_BIT_CONVERSION = YES;
				GCC_WARN_ABOUT_RETURN_TYPE = YES_ERROR;
				GCC_WARN_UNDECLARED_SELECTOR = YES;
				GCC_WARN_UNINITIALIZED_AUTOS = YES_AGGRESSIVE;
				GCC_WARN_UNUSED_FUNCTION = YES;
				GCC_WARN_UNUSED_VARIABLE = YES;
				IPHONEOS_DEPLOYMENT_TARGET = 26.2;
				LOCALIZATION_PREFERS_STRING_CATALOGS = YES;
				MTL_ENABLE_DEBUG_INFO = INCLUDE_SOURCE;
				MTL_FAST_MATH = YES;
				ONLY_ACTIVE_ARCH = YES;
				SDKROOT = iphoneos;
				SWIFT_ACTIVE_COMPILATION_CONDITIONS = "DEBUG $(inherited)";
				SWIFT_OPTIMIZATION_LEVEL = "-Onone";
			};
			name = Debug;
		};
		E059FD672F72246B00213298 /* Release */ = {
			isa = XCBuildConfiguration;
			buildSettings = {
				ALWAYS_SEARCH_USER_PATHS = NO;
				ASSETCATALOG_COMPILER_GENERATE_SWIFT_ASSET_SYMBOL_EXTENSIONS = YES;
				CLANG_ANALYZER_NONNULL = YES;
				CLANG_ANALYZER_NUMBER_OBJECT_CONVERSION = YES_AGGRESSIVE;
				CLANG_CXX_LANGUAGE_STANDARD = "gnu++20";
				CLANG_ENABLE_MODULES = YES;
				CLANG_ENABLE_OBJC_ARC = YES;
				CLANG_ENABLE_OBJC_WEAK = YES;
				CLANG_WARN_BLOCK_CAPTURE_AUTORELEASING = YES;
				CLANG_WARN_BOOL_CONVERSION = YES;
				CLANG_WARN_COMMA = YES;
				CLANG_WARN_CONSTANT_CONVERSION = YES;
				CLANG_WARN_DEPRECATED_OBJC_IMPLEMENTATIONS = YES;
				CLANG_WARN_DIRECT_OBJC_ISA_USAGE = YES_ERROR;
				CLANG_WARN_DOCUMENTATION_COMMENTS = YES;
				CLANG_WARN_EMPTY_BODY = YES;
				CLANG_WARN_ENUM_CONVERSION = YES;
				CLANG_WARN_INFINITE_RECURSION = YES;
				CLANG_WARN_INT_CONVERSION = YES;
				CLANG_WARN_NON_LITERAL_NULL_CONVERSION = YES;
				CLANG_WARN_OBJC_IMPLICIT_RETAIN_SELF = YES;
				CLANG_WARN_OBJC_LITERAL_CONVERSION = YES;
				CLANG_WARN_OBJC_ROOT_CLASS = YES_ERROR;
				CLANG_WARN_QUOTED_INCLUDE_IN_FRAMEWORK_HEADER = YES;
				CLANG_WARN_RANGE_LOOP_ANALYSIS = YES;
				CLANG_WARN_STRICT_PROTOTYPES = YES;
				CLANG_WARN_SUSPICIOUS_MOVE = YES;
				CLANG_WARN_UNGUARDED_AVAILABILITY = YES_AGGRESSIVE;
				CLANG_WARN_UNREACHABLE_CODE = YES;
				CLANG_WARN__DUPLICATE_METHOD_MATCH = YES;
				COPY_PHASE_STRIP = NO;
				DEBUG_INFORMATION_FORMAT = "dwarf-with-dsym";
				ENABLE_NS_ASSERTIONS = NO;
				ENABLE_STRICT_OBJC_MSGSEND = YES;
				ENABLE_USER_SCRIPT_SANDBOXING = YES;
				GCC_C_LANGUAGE_STANDARD = gnu17;
				GCC_NO_COMMON_BLOCKS = YES;
				GCC_WARN_64_TO_32_BIT_CONVERSION = YES;
				GCC_WARN_ABOUT_RETURN_TYPE = YES_ERROR;
				GCC_WARN_UNDECLARED_SELECTOR = YES;
				GCC_WARN_UNINITIALIZED_AUTOS = YES_AGGRESSIVE;
				GCC_WARN_UNUSED_FUNCTION = YES;
				GCC_WARN_UNUSED_VARIABLE = YES;
				IPHONEOS_DEPLOYMENT_TARGET = 26.2;
				LOCALIZATION_PREFERS_STRING_CATALOGS = YES;
				MTL_ENABLE_DEBUG_INFO = NO;
				MTL_FAST_MATH = YES;
				SDKROOT = iphoneos;
				SWIFT_COMPILATION_MODE = wholemodule;
				VALIDATE_PRODUCT = YES;
			};
			name = Release;
		};
		E059FD692F72246B00213298 /* Debug */ = {
			isa = XCBuildConfiguration;
			buildSettings = {
				CODE_SIGN_STYLE = Automatic;
				CURRENT_PROJECT_VERSION = 1;
				GENERATE_INFOPLIST_FILE = YES;
				INFOPLIST_FILE = "Touch Grass Extension/Info.plist";
				INFOPLIST_KEY_CFBundleDisplayName = "Touch Grass Extension";
				INFOPLIST_KEY_NSHumanReadableCopyright = "";
				IPHONEOS_DEPLOYMENT_TARGET = 15.0;
				LD_RUNPATH_SEARCH_PATHS = (
					"$(inherited)",
					"@executable_path/Frameworks",
					"@executable_path/../../Frameworks",
				);
				MARKETING_VERSION = 1.0;
				OTHER_LDFLAGS = (
					"-framework",
					SafariServices,
				);
				PRODUCT_BUNDLE_IDENTIFIER = "com.yourCompany.Touch-Grass.Extension";
				PRODUCT_NAME = "$(TARGET_NAME)";
				SKIP_INSTALL = YES;
				STRING_CATALOG_GENERATE_SYMBOLS = YES;
				SWIFT_APPROACHABLE_CONCURRENCY = YES;
				SWIFT_EMIT_LOC_STRINGS = YES;
				SWIFT_UPCOMING_FEATURE_MEMBER_IMPORT_VISIBILITY = YES;
				SWIFT_VERSION = 5.0;
				TARGETED_DEVICE_FAMILY = "1,2";
			};
			name = Debug;
		};
		E059FD6A2F72246B00213298 /* Release */ = {
			isa = XCBuildConfiguration;
			buildSettings = {
				CODE_SIGN_STYLE = Automatic;
				CURRENT_PROJECT_VERSION = 1;
				GENERATE_INFOPLIST_FILE = YES;
				INFOPLIST_FILE = "Touch Grass Extension/Info.plist";
				INFOPLIST_KEY_CFBundleDisplayName = "Touch Grass Extension";
				INFOPLIST_KEY_NSHumanReadableCopyright = "";
				IPHONEOS_DEPLOYMENT_TARGET = 15.0;
				LD_RUNPATH_SEARCH_PATHS = (
					"$(inherited)",
					"@executable_path/Frameworks",
					"@executable_path/../../Frameworks",
				);
				MARKETING_VERSION = 1.0;
				OTHER_LDFLAGS = (
					"-framework",
					SafariServices,
				);
				PRODUCT_BUNDLE_IDENTIFIER = "com.yourCompany.Touch-Grass.Extension";
				PRODUCT_NAME = "$(TARGET_NAME)";
				SKIP_INSTALL = YES;
				STRING_CATALOG_GENERATE_SYMBOLS = YES;
				SWIFT_APPROACHABLE_CONCURRENCY = YES;
				SWIFT_EMIT_LOC_STRINGS = YES;
				SWIFT_UPCOMING_FEATURE_MEMBER_IMPORT_VISIBILITY = YES;
				SWIFT_VERSION = 5.0;
				TARGETED_DEVICE_FAMILY = "1,2";
			};
			name = Release;
		};
		E059FD6D2F72246B00213298 /* Debug */ = {
			isa = XCBuildConfiguration;
			buildSettings = {
				ASSETCATALOG_COMPILER_APPICON_NAME = AppIcon;
				ASSETCATALOG_COMPILER_GLOBAL_ACCENT_COLOR_NAME = AccentColor;
				CODE_SIGN_STYLE = Automatic;
				CURRENT_PROJECT_VERSION = 1;
				GENERATE_INFOPLIST_FILE = YES;
				INFOPLIST_FILE = "Touch Grass/Info.plist";
				INFOPLIST_KEY_CFBundleDisplayName = "Touch Grass";
				INFOPLIST_KEY_UIApplicationSupportsIndirectInputEvents = YES;
				INFOPLIST_KEY_UILaunchStoryboardName = LaunchScreen;
				INFOPLIST_KEY_UIMainStoryboardFile = Main;
				INFOPLIST_KEY_UISupportedInterfaceOrientations_iPad = "UIInterfaceOrientationPortrait UIInterfaceOrientationPortraitUpsideDown UIInterfaceOrientationLandscapeLeft UIInterfaceOrientationLandscapeRight";
				INFOPLIST_KEY_UISupportedInterfaceOrientations_iPhone = "UIInterfaceOrientationPortrait UIInterfaceOrientationLandscapeLeft UIInterfaceOrientationLandscapeRight";
				IPHONEOS_DEPLOYMENT_TARGET = 15.0;
				LD_RUNPATH_SEARCH_PATHS = (
					"$(inherited)",
					"@executable_path/Frameworks",
				);
				MARKETING_VERSION = 1.0;
				OTHER_LDFLAGS = (
					"-framework",
					SafariServices,
					"-framework",
					WebKit,
				);
				PRODUCT_BUNDLE_IDENTIFIER = "com.yourCompany.Touch-Grass";
				PRODUCT_NAME = "$(TARGET_NAME)";
				STRING_CATALOG_GENERATE_SYMBOLS = YES;
				SWIFT_APPROACHABLE_CONCURRENCY = YES;
				SWIFT_DEFAULT_ACTOR_ISOLATION = MainActor;
				SWIFT_EMIT_LOC_STRINGS = YES;
				SWIFT_UPCOMING_FEATURE_MEMBER_IMPORT_VISIBILITY = YES;
				SWIFT_VERSION = 5.0;
				TARGETED_DEVICE_FAMILY = "1,2";
			};
			name = Debug;
		};
		E059FD6E2F72246B00213298 /* Release */ = {
			isa = XCBuildConfiguration;
			buildSettings = {
				ASSETCATALOG_COMPILER_APPICON_NAME = AppIcon;
				ASSETCATALOG_COMPILER_GLOBAL_ACCENT_COLOR_NAME = AccentColor;
				CODE_SIGN_STYLE = Automatic;
				CURRENT_PROJECT_VERSION = 1;
				GENERATE_INFOPLIST_FILE = YES;
				INFOPLIST_FILE = "Touch Grass/Info.plist";
				INFOPLIST_KEY_CFBundleDisplayName = "Touch Grass";
				INFOPLIST_KEY_UIApplicationSupportsIndirectInputEvents = YES;
				INFOPLIST_KEY_UILaunchStoryboardName = LaunchScreen;
				INFOPLIST_KEY_UIMainStoryboardFile = Main;
				INFOPLIST_KEY_UISupportedInterfaceOrientations_iPad = "UIInterfaceOrientationPortrait UIInterfaceOrientationPortraitUpsideDown UIInterfaceOrientationLandscapeLeft UIInterfaceOrientationLandscapeRight";
				INFOPLIST_KEY_UISupportedInterfaceOrientations_iPhone = "UIInterfaceOrientationPortrait UIInterfaceOrientationLandscapeLeft UIInterfaceOrientationLandscapeRight";
				IPHONEOS_DEPLOYMENT_TARGET = 15.0;
				LD_RUNPATH_SEARCH_PATHS = (
					"$(inherited)",
					"@executable_path/Frameworks",
				);
				MARKETING_VERSION = 1.0;
				OTHER_LDFLAGS = (
					"-framework",
					SafariServices,
					"-framework",
					WebKit,
				);
				PRODUCT_BUNDLE_IDENTIFIER = "com.yourCompany.Touch-Grass";
				PRODUCT_NAME = "$(TARGET_NAME)";
				STRING_CATALOG_GENERATE_SYMBOLS = YES;
				SWIFT_APPROACHABLE_CONCURRENCY = YES;
				SWIFT_DEFAULT_ACTOR_ISOLATION = MainActor;
				SWIFT_EMIT_LOC_STRINGS = YES;
				SWIFT_UPCOMING_FEATURE_MEMBER_IMPORT_VISIBILITY = YES;
				SWIFT_VERSION = 5.0;
				TARGETED_DEVICE_FAMILY = "1,2";
			};
			name = Release;
		};
/* End XCBuildConfiguration section */

/* Begin XCConfigurationList section */
		E059FD3B2F72246A00213298 /* Build configuration list for PBXProject "Touch Grass" */ = {
			isa = XCConfigurationList;
			buildConfigurations = (
				E059FD662F72246B00213298 /* Debug */,
				E059FD672F72246B00213298 /* Release */,
			);
			defaultConfigurationIsVisible = 0;
			defaultConfigurationName = Release;
		};
		E059FD682F72246B00213298 /* Build configuration list for PBXNativeTarget "Touch Grass Extension" */ = {
			isa = XCConfigurationList;
			buildConfigurations = (
				E059FD692F72246B00213298 /* Debug */,
				E059FD6A2F72246B00213298 /* Release */,
			);
			defaultConfigurationIsVisible = 0;
			defaultConfigurationName = Release;
		};
		E059FD6C2F72246B00213298 /* Build configuration list for PBXNativeTarget "Touch Grass" */ = {
			isa = XCConfigurationList;
			buildConfigurations = (
				E059FD6D2F72246B00213298 /* Debug */,
				E059FD6E2F72246B00213298 /* Release */,
			);
			defaultConfigurationIsVisible = 0;
			defaultConfigurationName = Release;
		};
/* End XCConfigurationList section */
	};
	rootObject = E059FD382F72246A00213298 /* Project object */;
}
